<?xml version="1.0" encoding="utf-8"?>
<Project ToolsVersion="4.0" xmlns="http://schemas.microsoft.com/developer/msbuild/2003">
  <ItemGroup>
    <Filter Include="Source">
      <UniqueIdentifier>{4FC737F1-C7A5-4376-A066-2A32D752A2FF}</UniqueIdentifier>
      <Extensions>cpp;c;cc;cxx;c++;cppm;ixx;def;odl;idl;hpj;bat;asm;asmx</Extensions>
    </Filter>
    <Filter Include="Source\System">
      <UniqueIdentifier>{d9d5a53d-5c7e-4307-97fc-237ba5193654}</UniqueIdentifier>
    </Filter>
    <Filter Include="Source\Scene">
      <UniqueIdentifier>{29a22fea-aafb-4cbc-9f49-7bb0577a33d2}</UniqueIdentifier>
    </Filter>
    <Filter Include="Source\Map">
      <UniqueIdentifier>{b36f5e1a-65b1-4383-8956-9780e8e36d3f}</UniqueIdentifier>
    </Filter>
    <Filter Include="Source\Player">
      <UniqueIdentifier>{640da061-236a-491c-aef1-c2e90fe196c9}</UniqueIdentifier>
    </Filter>
    <Filter Include="Source\Wall">
      <UniqueIdentifier>{b433a789-1e5e-49cf-81ca-a556bbb2aaf5}</UniqueIdentifier>
    </Filter>
    <Filter Include="Source\Scene\SceneType">
      <UniqueIdentifier>{94253a16-f9db-4543-86de-403ea6727479}</UniqueIdentifier>
    </Filter>
  </ItemGroup>
  <ItemGroup>
    <ClCompile Include="Application.cpp">
      <Filter>Source\System</Filter>
    </ClCompile>
    <ClCompile Include="Main.cpp">
      <Filter>Source\System</Filter>
    </ClCompile>
    <ClCompile Include="SceneManager.cpp">
      <Filter>Source\Scene</Filter>
    </ClCompile>
    <ClCompile Include="Map.cpp">
      <Filter>Source\Map</Filter>
    </ClCompile>
    <ClCompile Include="Player.cpp">
      <Filter>Source\Player</Filter>
    </ClCompile>
    <ClCompile Include="Wall.cpp">
      <Filter>Source\Wall</Filter>
    </ClCompile>
    <ClCompile Include="MainMenu.cpp">
      <Filter>Source\Scene\SceneType</Filter>
    </ClCompile>
    <ClCompile Include="Play.cpp">
      <Filter>Source\Scene\SceneType</Filter>
    </ClCompile>
    <ClCompile Include="Clear.cpp">
      <Filter>Source\Scene\SceneType</Filter>
    </ClCompile>
    <ClCompile Include="Over.cpp">
      <Filter>Source\Scene\SceneType</Filter>
    </ClCompile>
  </ItemGroup>
  <ItemGroup>
    <ClInclude Include="Application.h">
      <Filter>Source\System</Filter>
    </ClInclude>
    <ClInclude Include="Scene.h">
      <Filter>Source\Scene</Filter>
    </ClInclude>
    <ClInclude Include="SceneManager.h">
      <Filter>Source\Scene</Filter>
    </ClInclude>
    <ClInclude Include="Map.h">
      <Filter>Source\Map</Filter>
    </ClInclude>
    <ClInclude Include="Player.h">
      <Filter>Source\Player</Filter>
    </ClInclude>
    <ClInclude Include="Wall.h">
      <Filter>Source\Wall</Filter>
    </ClInclude>
    <ClInclude Include="MainMenu.h">
      <Filter>Source\Scene\SceneType</Filter>
    </ClInclude>
    <ClInclude Include="Play.h">
      <Filter>Source\Scene\SceneType</Filter>
    </ClInclude>
    <ClInclude Include="Clear.h">
      <Filter>Source\Scene\SceneType</Filter>
    </ClInclude>
    <ClInclude Include="Over.h">
      <Filter>Source\Scene\SceneType</Filter>
    </ClInclude>
  </ItemGroup>
</Project>