
Microsoft Visual Studio Solution File, Format Version 12.00
# Visual Studio Version 17
VisualStudioVersion = 17.6.33801.468
MinimumVisualStudioVersion = 10.0.40219.1
Project("{8BC9CEB8-8B4A-11D0-8D11-00A0C91BC942}") = "GoThrough", "GoThrough.vcxproj", "{F63B6184-361E-44CD-8913-506A336DAFB4}"
EndProject
Global
	GlobalSection(SolutionConfigurationPlatforms) = preSolution
		Debug|x64 = Debug|x64
		Debug|x86 = Debug|x86
		Release|x64 = Release|x64
		Release|x86 = Release|x86
	EndGlobalSection
	GlobalSection(ProjectConfigurationPlatforms) = postSolution
		{F63B6184-361E-44CD-8913-506A336DAFB4}.Debug|x64.ActiveCfg = Debug|x64
		{F63B6184-361E-44CD-8913-506A336DAFB4}.Debug|x64.Build.0 = Debug|x64
		{F63B6184-361E-44CD-8913-506A336DAFB4}.Debug|x86.ActiveCfg = Debug|Win32
		{F63B6184-361E-44CD-8913-506A336DAFB4}.Debug|x86.Build.0 = Debug|Win32
		{F63B6184-361E-44CD-8913-506A336DAFB4}.Release|x64.ActiveCfg = Release|x64
		{F63B6184-361E-44CD-8913-506A336DAFB4}.Release|x64.Build.0 = Release|x64
		{F63B6184-361E-44CD-8913-506A336DAFB4}.Release|x86.ActiveCfg = Release|Win32
		{F63B6184-361E-44CD-8913-506A336DAFB4}.Release|x86.Build.0 = Release|Win32
	EndGlobalSection
	GlobalSection(SolutionProperties) = preSolution
		HideSolutionNode = FALSE
	EndGlobalSection
	GlobalSection(ExtensibilityGlobals) = postSolution
		SolutionGuid = {D65EE6A5-1B8A-4CEB-A07A-B66DE67DB45A}
	EndGlobalSection
EndGlobal
